<?xml version="1.0" encoding="utf-8"?>
<Project ToolsVersion="4.0" xmlns="http://schemas.microsoft.com/developer/msbuild/2003">
  <ItemGroup>
    <Filter Include="Source Files">
      <UniqueIdentifier>{cc40b2d0-5e40-4a2b-bfc7-df3aef133737}</UniqueIdentifier>
    </Filter>
    <Filter Include="Header Files">
      <UniqueIdentifier>{1be98bb1-2aa0-40b5-bac9-3d073e079771}</UniqueIdentifier>
    </Filter>
  </ItemGroup>
  <ItemGroup>
    <ClInclude Include="include\aircraft.h">
      <Filter>Header Files</Filter>
    </ClInclude>
    <ClInclude Include="include\airunit.h">
      <Filter>Header Files</Filter>
    </ClInclude>
    <ClInclude Include="include\commands.h">
      <Filter>Header Files</Filter>
    </ClInclude>
    <ClInclude Include="include\groundunit.h">
      <Filter>Header Files</Filter>
    </ClInclude>
    <ClInclude Include="include\helicopter.h">
      <Filter>Header Files</Filter>
    </ClInclude>
    <ClInclude Include="include\navyunit.h">
      <Filter>Header Files</Filter>
    </ClInclude>
    <ClInclude Include="include\scheduler.h">
      <Filter>Header Files</Filter>
    </ClInclude>
    <ClInclude Include="include\scriptloader.h">
      <Filter>Header Files</Filter>
    </ClInclude>
    <ClInclude Include="include\server.h">
      <Filter>Header Files</Filter>
    </ClInclude>
    <ClInclude Include="include\unit.h">
      <Filter>Header Files</Filter>
    </ClInclude>
    <ClInclude Include="include\unitsmanager.h">
      <Filter>Header Files</Filter>
    </ClInclude>
    <ClInclude Include="include\weapon.h">
      <Filter>Header Files</Filter>
    </ClInclude>
  </ItemGroup>
  <ItemGroup>
    <ClCompile Include="src\aircraft.cpp">
      <Filter>Source Files</Filter>
    </ClCompile>
    <ClCompile Include="src\airunit.cpp">
      <Filter>Source Files</Filter>
    </ClCompile>
    <ClCompile Include="src\commands.cpp">
      <Filter>Source Files</Filter>
    </ClCompile>
    <ClCompile Include="src\core.cpp">
      <Filter>Source Files</Filter>
    </ClCompile>
    <ClCompile Include="src\groundunit.cpp">
      <Filter>Source Files</Filter>
    </ClCompile>
    <ClCompile Include="src\helicopter.cpp">
      <Filter>Source Files</Filter>
    </ClCompile>
    <ClCompile Include="src\navyunit.cpp">
      <Filter>Source Files</Filter>
    </ClCompile>
    <ClCompile Include="src\scheduler.cpp">
      <Filter>Source Files</Filter>
    </ClCompile>
    <ClCompile Include="src\scriptloader.cpp">
      <Filter>Source Files</Filter>
    </ClCompile>
    <ClCompile Include="src\server.cpp">
      <Filter>Source Files</Filter>
    </ClCompile>
    <ClCompile Include="src\unit.cpp">
      <Filter>Source Files</Filter>
    </ClCompile>
    <ClCompile Include="src\unitsmanager.cpp">
      <Filter>Source Files</Filter>
    </ClCompile>
    <ClCompile Include="src\weapon.cpp">
      <Filter>Source Files</Filter>
    </ClCompile>
  </ItemGroup>
</Project>