
Microsoft Visual Studio Solution File, Format Version 12.00
# Visual Studio Version 17
VisualStudioVersion = 17.3.32929.385
MinimumVisualStudioVersion = 10.0.40219.1
Project("{8BC9CEB8-8B4A-11D0-8D11-00A0C91BC942}") = "core", "core\core.vcxproj", "{8A48D855-0E01-42BA-BD8C-07B0877C68DF}"
EndProject
Project("{8BC9CEB8-8B4A-11D0-8D11-00A0C91BC942}") = "logger", "logger\logger.vcxproj", "{873ECABE-FCFE-4217-AC15-91959C3CF1C6}"
EndProject
Project("{8BC9CEB8-8B4A-11D0-8D11-00A0C91BC942}") = "dcstools", "dcstools\dcstools.vcxproj", "{2B255368-39A0-431A-A6DE-CC739AC70DC1}"
EndProject
Project("{8BC9CEB8-8B4A-11D0-8D11-00A0C91BC942}") = "luatools", "luatools\luatools.vcxproj", "{DE139EC1-4F88-47D5-BE73-F41915FE14A3}"
EndProject
Project("{8BC9CEB8-8B4A-11D0-8D11-00A0C91BC942}") = "utils", "utils\utils.vcxproj", "{B85009CE-4A5C-4A5A-B85D-001B3A2651B2}"
EndProject
Project("{8BC9CEB8-8B4A-11D0-8D11-00A0C91BC942}") = "olympus", "olympus\olympus.vcxproj", "{5F3FC91E-1FBC-4223-8011-9708DE913474}"
EndProject
Global
	GlobalSection(SolutionConfigurationPlatforms) = preSolution
		Release|x64 = Release|x64
	EndGlobalSection
	GlobalSection(ProjectConfigurationPlatforms) = postSolution
		{8A48D855-0E01-42BA-BD8C-07B0877C68DF}.Release|x64.ActiveCfg = Release|x64
		{8A48D855-0E01-42BA-BD8C-07B0877C68DF}.Release|x64.Build.0 = Release|x64
		{873ECABE-FCFE-4217-AC15-91959C3CF1C6}.Release|x64.ActiveCfg = Release|x64
		{873ECABE-FCFE-4217-AC15-91959C3CF1C6}.Release|x64.Build.0 = Release|x64
		{2B255368-39A0-431A-A6DE-CC739AC70DC1}.Release|x64.ActiveCfg = Release|x64
		{2B255368-39A0-431A-A6DE-CC739AC70DC1}.Release|x64.Build.0 = Release|x64
		{DE139EC1-4F88-47D5-BE73-F41915FE14A3}.Release|x64.ActiveCfg = Release|x64
		{DE139EC1-4F88-47D5-BE73-F41915FE14A3}.Release|x64.Build.0 = Release|x64
		{B85009CE-4A5C-4A5A-B85D-001B3A2651B2}.Release|x64.ActiveCfg = Release|x64
		{B85009CE-4A5C-4A5A-B85D-001B3A2651B2}.Release|x64.Build.0 = Release|x64
		{5F3FC91E-1FBC-4223-8011-9708DE913474}.Release|x64.ActiveCfg = Release|x64
		{5F3FC91E-1FBC-4223-8011-9708DE913474}.Release|x64.Build.0 = Release|x64
	EndGlobalSection
	GlobalSection(SolutionProperties) = preSolution
		HideSolutionNode = FALSE
	EndGlobalSection
	GlobalSection(ExtensibilityGlobals) = postSolution
		SolutionGuid = {FAB9F592-7511-4EB9-B365-078842ED9BDD}
	EndGlobalSection
EndGlobal
